
Microsoft Visual Studio Solution File, Format Version 12.00
# Visual Studio 15
VisualStudioVersion = 15.0.27004.2010
MinimumVisualStudioVersion = 10.0.40219.1
Project("{2150E333-8FDC-42A3-9474-1A3956D46DE8}") = "psake", "psake", "{90949B3E-8AD7-4771-856E-47D86A5FAD33}"
	ProjectSection(SolutionItems) = preProject
		init-psake.ps1 = init-psake.ps1
		psakefile.ps1 = psakefile.ps1
	EndProjectSection
EndProject
Project("{9A19103F-16F7-4668-BE54-9A1E7A4F7556}") = "II", "src\II\PPWCode.Util.Validation.II.csproj", "{EAD7ED87-F2E9-46AD-A175-126085CBB635}"
EndProject
Project("{9A19103F-16F7-4668-BE54-9A1E7A4F7556}") = "II.UnitTests", "src\II.UnitTests\PPWCode.Util.Validation.II.UnitTests.csproj", "{4A0E96AF-C081-44A8-8F99-0BAFAAC24D8B}"
EndProject
Project("{9A19103F-16F7-4668-BE54-9A1E7A4F7556}") = "II.NHibernate", "src\II.NHibernate\PPWCode.Util.Validation.II.NHibernate.csproj", "{4B63D1D2-FFED-4134-B080-CC0F2B92DA4C}"
EndProject
Project("{9A19103F-16F7-4668-BE54-9A1E7A4F7556}") = "II.NHibernate.UnitTests", "src\II.NHibernate.UnitTests\PPWCode.Util.Validation.II.NHibernate.UnitTests.csproj", "{A897494B-79EE-4CA1-9280-7A4A3F7F92D6}"
EndProject
Project("{2150E333-8FDC-42A3-9474-1A3956D46DE8}") = "solution-items", "solution-items", "{EAEDF7DC-DB16-48D4-9CC1-C87DEB80771F}"
ProjectSection(SolutionItems) = preProject
	src\Directory.Build.props = src\Directory.Build.props
	src\version.props = src\version.props
EndProjectSection
EndProject
Project("{2150E333-8FDC-42A3-9474-1A3956D46DE8}") = "style-cop", "style-cop", "{E4057F76-2280-48C7-B1DC-F6D3DCDE9DAC}"
ProjectSection(SolutionItems) = preProject
	src\StyleCop.ruleset = src\StyleCop.ruleset
	src\StyleCop-Tests.ruleset = src\StyleCop-Tests.ruleset
EndProjectSection
EndProject
Global
	GlobalSection(SolutionConfigurationPlatforms) = preSolution
		Debug|Any CPU = Debug|Any CPU
		Release|Any CPU = Release|Any CPU
	EndGlobalSection
	GlobalSection(ProjectConfigurationPlatforms) = postSolution
		{EAD7ED87-F2E9-46AD-A175-126085CBB635}.Debug|Any CPU.ActiveCfg = Debug|Any CPU
		{EAD7ED87-F2E9-46AD-A175-126085CBB635}.Debug|Any CPU.Build.0 = Debug|Any CPU
		{EAD7ED87-F2E9-46AD-A175-126085CBB635}.Release|Any CPU.ActiveCfg = Release|Any CPU
		{EAD7ED87-F2E9-46AD-A175-126085CBB635}.Release|Any CPU.Build.0 = Release|Any CPU
		{4A0E96AF-C081-44A8-8F99-0BAFAAC24D8B}.Debug|Any CPU.ActiveCfg = Debug|Any CPU
		{4A0E96AF-C081-44A8-8F99-0BAFAAC24D8B}.Debug|Any CPU.Build.0 = Debug|Any CPU
		{4A0E96AF-C081-44A8-8F99-0BAFAAC24D8B}.Release|Any CPU.ActiveCfg = Release|Any CPU
		{4A0E96AF-C081-44A8-8F99-0BAFAAC24D8B}.Release|Any CPU.Build.0 = Release|Any CPU
		{4B63D1D2-FFED-4134-B080-CC0F2B92DA4C}.Debug|Any CPU.ActiveCfg = Debug|Any CPU
		{4B63D1D2-FFED-4134-B080-CC0F2B92DA4C}.Debug|Any CPU.Build.0 = Debug|Any CPU
		{4B63D1D2-FFED-4134-B080-CC0F2B92DA4C}.Release|Any CPU.ActiveCfg = Release|Any CPU
		{4B63D1D2-FFED-4134-B080-CC0F2B92DA4C}.Release|Any CPU.Build.0 = Release|Any CPU
		{A897494B-79EE-4CA1-9280-7A4A3F7F92D6}.Debug|Any CPU.ActiveCfg = Debug|Any CPU
		{A897494B-79EE-4CA1-9280-7A4A3F7F92D6}.Debug|Any CPU.Build.0 = Debug|Any CPU
		{A897494B-79EE-4CA1-9280-7A4A3F7F92D6}.Release|Any CPU.ActiveCfg = Release|Any CPU
		{A897494B-79EE-4CA1-9280-7A4A3F7F92D6}.Release|Any CPU.Build.0 = Release|Any CPU
	EndGlobalSection
	GlobalSection(SolutionProperties) = preSolution
		HideSolutionNode = FALSE
	EndGlobalSection
	GlobalSection(ExtensibilityGlobals) = postSolution
		SolutionGuid = {2F2CF478-2A92-49AF-95BD-501A3ABB27ED}
	EndGlobalSection
EndGlobal
