
Microsoft Visual Studio Solution File, Format Version 12.00
# Visual Studio 15
VisualStudioVersion = 15.0.27004.2010
MinimumVisualStudioVersion = 10.0.40219.1
Project("{9A19103F-16F7-4668-BE54-9A1E7A4F7556}") = "III", "src\III\PPWCode.Util.Validation.III.csproj", "{EAD7ED87-F2E9-46AD-A175-126085CBB635}"
EndProject
Project("{9A19103F-16F7-4668-BE54-9A1E7A4F7556}") = "III.UnitTests", "src\III.UnitTests\PPWCode.Util.Validation.III.UnitTests.csproj", "{4A0E96AF-C081-44A8-8F99-0BAFAAC24D8B}"
EndProject
Project("{9A19103F-16F7-4668-BE54-9A1E7A4F7556}") = "III.NHibernate", "src\III.NHibernate\PPWCode.Util.Validation.III.NHibernate.csproj", "{4B63D1D2-FFED-4134-B080-CC0F2B92DA4C}"
EndProject
Project("{9A19103F-16F7-4668-BE54-9A1E7A4F7556}") = "III.NHibernate.UnitTests", "src\III.NHibernate.UnitTests\PPWCode.Util.Validation.III.NHibernate.UnitTests.csproj", "{A897494B-79EE-4CA1-9280-7A4A3F7F92D6}"
EndProject
Project("{2150E333-8FDC-42A3-9474-1A3956D46DE8}") = "analyzers", "analyzers", "{0DA7905B-996A-446B-B286-EC9FC9C77822}"
	ProjectSection(SolutionItems) = preProject
		src\Analyzer-Tests.ruleset = src\Analyzer-Tests.ruleset
		src\Analyzer.ruleset = src\Analyzer.ruleset
	EndProjectSection
EndProject
Project("{2150E333-8FDC-42A3-9474-1A3956D46DE8}") = "solution-items", "solution-items", "{86D8DCF2-6820-4ACB-9DC5-5CF22C9319FA}"
	ProjectSection(SolutionItems) = preProject
		src\common-tests.props = src\common-tests.props
		src\common.props = src\common.props
		src\Directory.Build.props = src\Directory.Build.props
		src\Directory.Packages.props = src\Directory.Packages.props
	EndProjectSection
EndProject
Project("{2150E333-8FDC-42A3-9474-1A3956D46DE8}") = "build-pipeline", "build-pipeline", "{420E9B72-3BFA-4DFA-BC64-EC83C44820D0}"
	ProjectSection(SolutionItems) = preProject
		.github\workflows\publish.yml = .github\workflows\publish.yml
		.github\workflows\ci.yml = .github\workflows\ci.yml
	EndProjectSection
EndProject
Project("{2150E333-8FDC-42A3-9474-1A3956D46DE8}") = "package", "package", "{EBA2E994-537C-4C99-9ED0-7AB19C5D4CC4}"
	ProjectSection(SolutionItems) = preProject
		LICENSE = LICENSE
		NOTICE = NOTICE
		README.md = README.md
		assets\ppw-logo-2.png = assets\ppw-logo-2.png
		assets\ppw-logo.png = assets\ppw-logo.png
	EndProjectSection
EndProject
Global
	GlobalSection(SolutionConfigurationPlatforms) = preSolution
		Debug|Any CPU = Debug|Any CPU
		Release|Any CPU = Release|Any CPU
	EndGlobalSection
	GlobalSection(ProjectConfigurationPlatforms) = postSolution
		{EAD7ED87-F2E9-46AD-A175-126085CBB635}.Debug|Any CPU.ActiveCfg = Debug|Any CPU
		{EAD7ED87-F2E9-46AD-A175-126085CBB635}.Debug|Any CPU.Build.0 = Debug|Any CPU
		{EAD7ED87-F2E9-46AD-A175-126085CBB635}.Release|Any CPU.ActiveCfg = Release|Any CPU
		{EAD7ED87-F2E9-46AD-A175-126085CBB635}.Release|Any CPU.Build.0 = Release|Any CPU
		{4A0E96AF-C081-44A8-8F99-0BAFAAC24D8B}.Debug|Any CPU.ActiveCfg = Debug|Any CPU
		{4A0E96AF-C081-44A8-8F99-0BAFAAC24D8B}.Debug|Any CPU.Build.0 = Debug|Any CPU
		{4A0E96AF-C081-44A8-8F99-0BAFAAC24D8B}.Release|Any CPU.ActiveCfg = Release|Any CPU
		{4A0E96AF-C081-44A8-8F99-0BAFAAC24D8B}.Release|Any CPU.Build.0 = Release|Any CPU
		{4B63D1D2-FFED-4134-B080-CC0F2B92DA4C}.Debug|Any CPU.ActiveCfg = Debug|Any CPU
		{4B63D1D2-FFED-4134-B080-CC0F2B92DA4C}.Debug|Any CPU.Build.0 = Debug|Any CPU
		{4B63D1D2-FFED-4134-B080-CC0F2B92DA4C}.Release|Any CPU.ActiveCfg = Release|Any CPU
		{4B63D1D2-FFED-4134-B080-CC0F2B92DA4C}.Release|Any CPU.Build.0 = Release|Any CPU
		{A897494B-79EE-4CA1-9280-7A4A3F7F92D6}.Debug|Any CPU.ActiveCfg = Debug|Any CPU
		{A897494B-79EE-4CA1-9280-7A4A3F7F92D6}.Debug|Any CPU.Build.0 = Debug|Any CPU
		{A897494B-79EE-4CA1-9280-7A4A3F7F92D6}.Release|Any CPU.ActiveCfg = Release|Any CPU
		{A897494B-79EE-4CA1-9280-7A4A3F7F92D6}.Release|Any CPU.Build.0 = Release|Any CPU
	EndGlobalSection
	GlobalSection(SolutionProperties) = preSolution
		HideSolutionNode = FALSE
	EndGlobalSection
	GlobalSection(ExtensibilityGlobals) = postSolution
		SolutionGuid = {2F2CF478-2A92-49AF-95BD-501A3ABB27ED}
	EndGlobalSection
EndGlobal
