
Microsoft Visual Studio Solution File, Format Version 12.00
# Visual Studio 15
VisualStudioVersion = 15.0.27004.2010
MinimumVisualStudioVersion = 10.0.40219.1
Project("{2150E333-8FDC-42A3-9474-1A3956D46DE8}") = "analyzers", "analyzers", "{0DA7905B-996A-446B-B286-EC9FC9C77822}"
	ProjectSection(SolutionItems) = preProject
		src\Analyzer-Tests.ruleset = src\Analyzer-Tests.ruleset
		src\Analyzer.ruleset = src\Analyzer.ruleset
	EndProjectSection
EndProject
Project("{2150E333-8FDC-42A3-9474-1A3956D46DE8}") = "solution-items", "solution-items", "{86D8DCF2-6820-4ACB-9DC5-5CF22C9319FA}"
	ProjectSection(SolutionItems) = preProject
		src\common-tests.props = src\common-tests.props
		src\common.props = src\common.props
		src\Directory.Build.props = src\Directory.Build.props
		src\Directory.Packages.props = src\Directory.Packages.props
		global.json = global.json
	EndProjectSection
EndProject
Project("{2150E333-8FDC-42A3-9474-1A3956D46DE8}") = "build-pipeline", "build-pipeline", "{420E9B72-3BFA-4DFA-BC64-EC83C44820D0}"
	ProjectSection(SolutionItems) = preProject
		.github\workflows\publish.yml = .github\workflows\publish.yml
		.github\workflows\ci.yml = .github\workflows\ci.yml
	EndProjectSection
EndProject
Project("{2150E333-8FDC-42A3-9474-1A3956D46DE8}") = "package", "package", "{EBA2E994-537C-4C99-9ED0-7AB19C5D4CC4}"
	ProjectSection(SolutionItems) = preProject
		LICENSE = LICENSE
		NOTICE = NOTICE
		README.md = README.md
		assets\ppw-logo-2.png = assets\ppw-logo-2.png
		assets\ppw-logo.png = assets\ppw-logo.png
	EndProjectSection
EndProject
Project("{FAE04EC0-301F-11D3-BF4B-00C04F79EFBC}") = "PPWCode.Util.Validation.IV", "src\IV\PPWCode.Util.Validation.IV.csproj", "{E377C4E4-2C75-46BC-9ADE-A954DC3E6570}"
EndProject
Project("{FAE04EC0-301F-11D3-BF4B-00C04F79EFBC}") = "PPWCode.Util.Validation.IV.EntityFrameworkCore", "src\IV.EntityFrameworkCore\PPWCode.Util.Validation.IV.EntityFrameworkCore.csproj", "{DA949C82-66DA-49B6-83C2-4AFD08F186FF}"
EndProject
Project("{FAE04EC0-301F-11D3-BF4B-00C04F79EFBC}") = "PPWCode.Util.Validation.IV.Tests", "src\IV.Tests\PPWCode.Util.Validation.IV.Tests.csproj", "{3BEF64F5-D4A7-4EE1-8693-9F1439598642}"
EndProject
Project("{FAE04EC0-301F-11D3-BF4B-00C04F79EFBC}") = "PPWCode.Util.Validation.IV.NHibernate", "src\IV.NHibernate\PPWCode.Util.Validation.IV.NHibernate.csproj", "{38AD71C7-8C44-4CD7-8EA5-5793C76D4EA2}"
EndProject
Project("{FAE04EC0-301F-11D3-BF4B-00C04F79EFBC}") = "PPWCode.Util.Validation.IV.NHibernate.Tests", "src\IV.NHibernate.Tests\PPWCode.Util.Validation.IV.NHibernate.Tests.csproj", "{578BA57F-99E0-4865-A11E-1F0747997CA7}"
EndProject
Global
	GlobalSection(SolutionConfigurationPlatforms) = preSolution
		Debug|Any CPU = Debug|Any CPU
		Release|Any CPU = Release|Any CPU
	EndGlobalSection
	GlobalSection(ProjectConfigurationPlatforms) = postSolution
		{E377C4E4-2C75-46BC-9ADE-A954DC3E6570}.Debug|Any CPU.ActiveCfg = Debug|Any CPU
		{E377C4E4-2C75-46BC-9ADE-A954DC3E6570}.Debug|Any CPU.Build.0 = Debug|Any CPU
		{E377C4E4-2C75-46BC-9ADE-A954DC3E6570}.Release|Any CPU.ActiveCfg = Release|Any CPU
		{E377C4E4-2C75-46BC-9ADE-A954DC3E6570}.Release|Any CPU.Build.0 = Release|Any CPU
		{DA949C82-66DA-49B6-83C2-4AFD08F186FF}.Debug|Any CPU.ActiveCfg = Debug|Any CPU
		{DA949C82-66DA-49B6-83C2-4AFD08F186FF}.Debug|Any CPU.Build.0 = Debug|Any CPU
		{DA949C82-66DA-49B6-83C2-4AFD08F186FF}.Release|Any CPU.ActiveCfg = Release|Any CPU
		{DA949C82-66DA-49B6-83C2-4AFD08F186FF}.Release|Any CPU.Build.0 = Release|Any CPU
		{3BEF64F5-D4A7-4EE1-8693-9F1439598642}.Debug|Any CPU.ActiveCfg = Debug|Any CPU
		{3BEF64F5-D4A7-4EE1-8693-9F1439598642}.Debug|Any CPU.Build.0 = Debug|Any CPU
		{3BEF64F5-D4A7-4EE1-8693-9F1439598642}.Release|Any CPU.ActiveCfg = Release|Any CPU
		{3BEF64F5-D4A7-4EE1-8693-9F1439598642}.Release|Any CPU.Build.0 = Release|Any CPU
		{38AD71C7-8C44-4CD7-8EA5-5793C76D4EA2}.Debug|Any CPU.ActiveCfg = Debug|Any CPU
		{38AD71C7-8C44-4CD7-8EA5-5793C76D4EA2}.Debug|Any CPU.Build.0 = Debug|Any CPU
		{38AD71C7-8C44-4CD7-8EA5-5793C76D4EA2}.Release|Any CPU.ActiveCfg = Release|Any CPU
		{38AD71C7-8C44-4CD7-8EA5-5793C76D4EA2}.Release|Any CPU.Build.0 = Release|Any CPU
		{578BA57F-99E0-4865-A11E-1F0747997CA7}.Debug|Any CPU.ActiveCfg = Debug|Any CPU
		{578BA57F-99E0-4865-A11E-1F0747997CA7}.Debug|Any CPU.Build.0 = Debug|Any CPU
		{578BA57F-99E0-4865-A11E-1F0747997CA7}.Release|Any CPU.ActiveCfg = Release|Any CPU
		{578BA57F-99E0-4865-A11E-1F0747997CA7}.Release|Any CPU.Build.0 = Release|Any CPU
	EndGlobalSection
	GlobalSection(SolutionProperties) = preSolution
		HideSolutionNode = FALSE
	EndGlobalSection
	GlobalSection(ExtensibilityGlobals) = postSolution
		SolutionGuid = {2F2CF478-2A92-49AF-95BD-501A3ABB27ED}
	EndGlobalSection
EndGlobal
